
Microsoft Visual Studio Solution File, Format Version 12.00
# Visual Studio Version 16
VisualStudioVersion = 16.0.31313.79
MinimumVisualStudioVersion = 10.0.40219.1
Project("{FAE04EC0-301F-11D3-BF4B-00C04F79EFBC}") = "MorvyApp", "MorvyApp\MorvyApp.csproj", "{04D0F370-6470-4B77-B23B-1E990D57E82F}"
EndProject
Global
	GlobalSection(SolutionConfigurationPlatforms) = preSolution
		Debug|Any CPU = Debug|Any CPU
		Release|Any CPU = Release|Any CPU
	EndGlobalSection
	GlobalSection(ProjectConfigurationPlatforms) = postSolution
		{04D0F370-6470-4B77-B23B-1E990D57E82F}.Debug|Any CPU.ActiveCfg = Debug|Any CPU
		{04D0F370-6470-4B77-B23B-1E990D57E82F}.Debug|Any CPU.Build.0 = Debug|Any CPU
		{04D0F370-6470-4B77-B23B-1E990D57E82F}.Release|Any CPU.ActiveCfg = Release|Any CPU
		{04D0F370-6470-4B77-B23B-1E990D57E82F}.Release|Any CPU.Build.0 = Release|Any CPU
	EndGlobalSection
	GlobalSection(SolutionProperties) = preSolution
		HideSolutionNode = FALSE
	EndGlobalSection
	GlobalSection(ExtensibilityGlobals) = postSolution
		SolutionGuid = {A6560508-A276-45EE-BAA8-0B4AF3F0A384}
	EndGlobalSection
EndGlobal
